
Microsoft Visual Studio Solution File, Format Version 12.00
# Visual Studio Version 16
VisualStudioVersion = 16.0.31702.278
MinimumVisualStudioVersion = 10.0.40219.1
Project("{FAE04EC0-301F-11D3-BF4B-00C04F79EFBC}") = "SistemaWebVuelos", "SistemaWebVuelos\SistemaWebVuelos.csproj", "{DD89B4EA-FD60-4ACF-8459-27D9A5F7DCBB}"
EndProject
Global
	GlobalSection(SolutionConfigurationPlatforms) = preSolution
		Debug|Any CPU = Debug|Any CPU
		Release|Any CPU = Release|Any CPU
	EndGlobalSection
	GlobalSection(ProjectConfigurationPlatforms) = postSolution
		{DD89B4EA-FD60-4ACF-8459-27D9A5F7DCBB}.Debug|Any CPU.ActiveCfg = Debug|Any CPU
		{DD89B4EA-FD60-4ACF-8459-27D9A5F7DCBB}.Debug|Any CPU.Build.0 = Debug|Any CPU
		{DD89B4EA-FD60-4ACF-8459-27D9A5F7DCBB}.Release|Any CPU.ActiveCfg = Release|Any CPU
		{DD89B4EA-FD60-4ACF-8459-27D9A5F7DCBB}.Release|Any CPU.Build.0 = Release|Any CPU
	EndGlobalSection
	GlobalSection(SolutionProperties) = preSolution
		HideSolutionNode = FALSE
	EndGlobalSection
	GlobalSection(ExtensibilityGlobals) = postSolution
		SolutionGuid = {2735EFD8-266D-480F-BD45-E7AA688316A1}
	EndGlobalSection
EndGlobal
